// !$*UTF8*$!
{
	archiveVersion = 1;
	classes = {
	};
	objectVersion = 77;
	objects = {

/* Begin PBXContainerItemProxy section */
		FD2E63D92EEDE5C000965937 /* PBXContainerItemProxy */ = {
			isa = PBXContainerItemProxy;
			containerPortal = FD2E63C12EEDE5BD00965937 /* Project object */;
			proxyType = 1;
			remoteGlobalIDString = FD2E63C82EEDE5BE00965937;
			remoteInfo = NoorReader;
		};
		FD2E63E32EEDE5C000965937 /* PBXContainerItemProxy */ = {
			isa = PBXContainerItemProxy;
			containerPortal = FD2E63C12EEDE5BD00965937 /* Project object */;
			proxyType = 1;
			remoteGlobalIDString = FD2E63C82EEDE5BE00965937;
			remoteInfo = NoorReader;
		};
/* End PBXContainerItemProxy section */

/* Begin PBXFileReference section */
		FD2E63C92EEDE5BE00965937 /* NoorReader.app */ = {isa = PBXFileReference; explicitFileType = wrapper.application; includeInIndex = 0; path = NoorReader.app; sourceTree = BUILT_PRODUCTS_DIR; };
		FD2E63D82EEDE5C000965937 /* NoorReaderTests.xctest */ = {isa = PBXFileReference; explicitFileType = wrapper.cfbundle; includeInIndex = 0; path = NoorReaderTests.xctest; sourceTree = BUILT_PRODUCTS_DIR; };
		FD2E63E22EEDE5C000965937 /* NoorReaderUITests.xctest */ = {isa = PBXFileReference; explicitFileType = wrapper.cfbundle; includeInIndex = 0; path = NoorReaderUITests.xctest; sourceTree = BUILT_PRODUCTS_DIR; };
/* End PBXFileReference section */

/* Begin PBXFileSystemSynchronizedRootGroup section */
		FD2E63CB2EEDE5BE00965937 /* NoorReader */ = {
			isa = PBXFileSystemSynchronizedRootGroup;
			path = NoorReader;
			sourceTree = "<group>";
		};
		FD2E63DB2EEDE5C000965937 /* NoorReaderTests */ = {
			isa = PBXFileSystemSynchronizedRootGroup;
			path = NoorReaderTests;
			sourceTree = "<group>";
		};
		FD2E63E52EEDE5C000965937 /* NoorReaderUITests */ = {
			isa = PBXFileSystemSynchronizedRootGroup;
			path = NoorReaderUITests;
			sourceTree = "<group>";
		};
/* End PBXFileSystemSynchronizedRootGroup section */

/* Begin PBXFrameworksBuildPhase section */
		FD2E63C62EEDE5BE00965937 /* Frameworks */ = {
			isa = PBXFrameworksBuildPhase;
			buildActionMask = 2147483647;
			files = (
			);
			runOnlyForDeploymentPostprocessing = 0;
		};
		FD2E63D52EEDE5C000965937 /* Frameworks */ = {
			isa = PBXFrameworksBuildPhase;
			buildActionMask = 2147483647;
			files = (
			);
			runOnlyForDeploymentPostprocessing = 0;
		};
		FD2E63DF2EEDE5C000965937 /* Frameworks */ = {
			isa = PBXFrameworksBuildPhase;
			buildActionMask = 2147483647;
			files = (
			);
			runOnlyForDeploymentPostprocessing = 0;
		};
/* End PBXFrameworksBuildPhase section */

/* Begin PBXGroup section */
		FD2E63C02EEDE5BD00965937 = {
			isa = PBXGroup;
			children = (
				FD2E63CB2EEDE5BE00965937 /* NoorReader */,
				FD2E63DB2EEDE5C000965937 /* NoorReaderTests */,
				FD2E63E52EEDE5C000965937 /* NoorReaderUITests */,
				FD2E63CA2EEDE5BE00965937 /* Products */,
			);
			sourceTree = "<group>";
		};
		FD2E63CA2EEDE5BE00965937 /* Products */ = {
			isa = PBXGroup;
			children = (
				FD2E63C92EEDE5BE00965937 /* NoorReader.app */,
				FD2E63D82EEDE5C000965937 /* NoorReaderTests.xctest */,
				FD2E63E22EEDE5C000965937 /* NoorReaderUITests.xctest */,
			);
			name = Products;
			sourceTree = "<group>";
		};
/* End PBXGroup section */

/* Begin PBXNativeTarget section */
		FD2E63C82EEDE5BE00965937 /* NoorReader */ = {
			isa = PBXNativeTarget;
			buildConfigurationList = FD2E63EC2EEDE5C000965937 /* Build configuration list for PBXNativeTarget "NoorReader" */;
			buildPhases = (
				FD2E63C52EEDE5BE00965937 /* Sources */,
				FD2E63C62EEDE5BE00965937 /* Frameworks */,
				FD2E63C72EEDE5BE00965937 /* Resources */,
			);
			buildRules = (
			);
			dependencies = (
			);
			fileSystemSynchronizedGroups = (
				FD2E63CB2EEDE5BE00965937 /* NoorReader */,
			);
			name = NoorReader;
			packageProductDependencies = (
			);
			productName = NoorReader;
			productReference = FD2E63C92EEDE5BE00965937 /* NoorReader.app */;
			productType = "com.apple.product-type.application";
		};
		FD2E63D72EEDE5C000965937 /* NoorReaderTests */ = {
			isa = PBXNativeTarget;
			buildConfigurationList = FD2E63EF2EEDE5C000965937 /* Build configuration list for PBXNativeTarget "NoorReaderTests" */;
			buildPhases = (
				FD2E63D42EEDE5C000965937 /* Sources */,
				FD2E63D52EEDE5C000965937 /* Frameworks */,
				FD2E63D62EEDE5C000965937 /* Resources */,
			);
			buildRules = (
			);
			dependencies = (
				FD2E63DA2EEDE5C000965937 /* PBXTargetDependency */,
			);
			fileSystemSynchronizedGroups = (
				FD2E63DB2EEDE5C000965937 /* NoorReaderTests */,
			);
			name = NoorReaderTests;
			packageProductDependencies = (
			);
			productName = NoorReaderTests;
			productReference = FD2E63D82EEDE5C000965937 /* NoorReaderTests.xctest */;
			productType = "com.apple.product-type.bundle.unit-test";
		};
		FD2E63E12EEDE5C000965937 /* NoorReaderUITests */ = {
			isa = PBXNativeTarget;
			buildConfigurationList = FD2E63F22EEDE5C000965937 /* Build configuration list for PBXNativeTarget "NoorReaderUITests" */;
			buildPhases = (
				FD2E63DE2EEDE5C000965937 /* Sources */,
				FD2E63DF2EEDE5C000965937 /* Frameworks */,
				FD2E63E02EEDE5C000965937 /* Resources */,
			);
			buildRules = (
			);
			dependencies = (
				FD2E63E42EEDE5C000965937 /* PBXTargetDependency */,
			);
			fileSystemSynchronizedGroups = (
				FD2E63E52EEDE5C000965937 /* NoorReaderUITests */,
			);
			name = NoorReaderUITests;
			packageProductDependencies = (
			);
			productName = NoorReaderUITests;
			productReference = FD2E63E22EEDE5C000965937 /* NoorReaderUITests.xctest */;
			productType = "com.apple.product-type.bundle.ui-testing";
		};
/* End PBXNativeTarget section */

/* Begin PBXProject section */
		FD2E63C12EEDE5BD00965937 /* Project object */ = {
			isa = PBXProject;
			attributes = {
				BuildIndependentTargetsInParallel = 1;
				LastSwiftUpdateCheck = 2620;
				LastUpgradeCheck = 2620;
				TargetAttributes = {
					FD2E63C82EEDE5BE00965937 = {
						CreatedOnToolsVersion = 26.2;
					};
					FD2E63D72EEDE5C000965937 = {
						CreatedOnToolsVersion = 26.2;
						TestTargetID = FD2E63C82EEDE5BE00965937;
					};
					FD2E63E12EEDE5C000965937 = {
						CreatedOnToolsVersion = 26.2;
						TestTargetID = FD2E63C82EEDE5BE00965937;
					};
				};
			};
			buildConfigurationList = FD2E63C42EEDE5BE00965937 /* Build configuration list for PBXProject "NoorReader" */;
			developmentRegion = en;
			hasScannedForEncodings = 0;
			knownRegions = (
				en,
				Base,
			);
			mainGroup = FD2E63C02EEDE5BD00965937;
			minimizedProjectReferenceProxies = 1;
			preferredProjectObjectVersion = 77;
			productRefGroup = FD2E63CA2EEDE5BE00965937 /* Products */;
			projectDirPath = "";
			projectRoot = "";
			targets = (
				FD2E63C82EEDE5BE00965937 /* NoorReader */,
				FD2E63D72EEDE5C000965937 /* NoorReaderTests */,
				FD2E63E12EEDE5C000965937 /* NoorReaderUITests */,
			);
		};
/* End PBXProject section */

/* Begin PBXResourcesBuildPhase section */
		FD2E63C72EEDE5BE00965937 /* Resources */ = {
			isa = PBXResourcesBuildPhase;
			buildActionMask = 2147483647;
			files = (
			);
			runOnlyForDeploymentPostprocessing = 0;
		};
		FD2E63D62EEDE5C000965937 /* Resources */ = {
			isa = PBXResourcesBuildPhase;
			buildActionMask = 2147483647;
			files = (
			);
			runOnlyForDeploymentPostprocessing = 0;
		};
		FD2E63E02EEDE5C000965937 /* Resources */ = {
			isa = PBXResourcesBuildPhase;
			buildActionMask = 2147483647;
			files = (
			);
			runOnlyForDeploymentPostprocessing = 0;
		};
/* End PBXResourcesBuildPhase section */

/* Begin PBXSourcesBuildPhase section */
		FD2E63C52EEDE5BE00965937 /* Sources */ = {
			isa = PBXSourcesBuildPhase;
			buildActionMask = 2147483647;
			files = (
			);
			runOnlyForDeploymentPostprocessing = 0;
		};
		FD2E63D42EEDE5C000965937 /* Sources */ = {
			isa = PBXSourcesBuildPhase;
			buildActionMask = 2147483647;
			files = (
			);
			runOnlyForDeploymentPostprocessing = 0;
		};
		FD2E63DE2EEDE5C000965937 /* Sources */ = {
			isa = PBXSourcesBuildPhase;
			buildActionMask = 2147483647;
			files = (
			);
			runOnlyForDeploymentPostprocessing = 0;
		};
/* End PBXSourcesBuildPhase section */

/* Begin PBXTargetDependency section */
		FD2E63DA2EEDE5C000965937 /* PBXTargetDependency */ = {
			isa = PBXTargetDependency;
			target = FD2E63C82EEDE5BE00965937 /* NoorReader */;
			targetProxy = FD2E63D92EEDE5C000965937 /* PBXContainerItemProxy */;
		};
		FD2E63E42EEDE5C000965937 /* PBXTargetDependency */ = {
			isa = PBXTargetDependency;
			target = FD2E63C82EEDE5BE00965937 /* NoorReader */;
			targetProxy = FD2E63E32EEDE5C000965937 /* PBXContainerItemProxy */;
		};
/* End PBXTargetDependency section */

/* Begin XCBuildConfiguration section */
		FD2E63EA2EEDE5C000965937 /* Debug */ = {
			isa = XCBuildConfiguration;
			buildSettings = {
				ALWAYS_SEARCH_USER_PATHS = NO;
				ASSETCATALOG_COMPILER_GENERATE_SWIFT_ASSET_SYMBOL_EXTENSIONS = YES;
				CLANG_ANALYZER_NONNULL = YES;
				CLANG_ANALYZER_NUMBER_OBJECT_CONVERSION = YES_AGGRESSIVE;
				CLANG_CXX_LANGUAGE_STANDARD = "gnu++20";
				CLANG_ENABLE_MODULES = YES;
				CLANG_ENABLE_OBJC_ARC = YES;
				CLANG_ENABLE_OBJC_WEAK = YES;
				CLANG_WARN_BLOCK_CAPTURE_AUTORELEASING = YES;
				CLANG_WARN_BOOL_CONVERSION = YES;
				CLANG_WARN_COMMA = YES;
				CLANG_WARN_CONSTANT_CONVERSION = YES;
				CLANG_WARN_DEPRECATED_OBJC_IMPLEMENTATIONS = YES;
				CLANG_WARN_DIRECT_OBJC_ISA_USAGE = YES_ERROR;
				CLANG_WARN_DOCUMENTATION_COMMENTS = YES;
				CLANG_WARN_EMPTY_BODY = YES;
				CLANG_WARN_ENUM_CONVERSION = YES;
				CLANG_WARN_INFINITE_RECURSION = YES;
				CLANG_WARN_INT_CONVERSION = YES;
				CLANG_WARN_NON_LITERAL_NULL_CONVERSION = YES;
				CLANG_WARN_OBJC_IMPLICIT_RETAIN_SELF = YES;
				CLANG_WARN_OBJC_LITERAL_CONVERSION = YES;
				CLANG_WARN_OBJC_ROOT_CLASS = YES_ERROR;
				CLANG_WARN_QUOTED_INCLUDE_IN_FRAMEWORK_HEADER = YES;
				CLANG_WARN_RANGE_LOOP_ANALYSIS = YES;
				CLANG_WARN_STRICT_PROTOTYPES = YES;
				CLANG_WARN_SUSPICIOUS_MOVE = YES;
				CLANG_WARN_UNGUARDED_AVAILABILITY = YES_AGGRESSIVE;
				CLANG_WARN_UNREACHABLE_CODE = YES;
				CLANG_WARN__DUPLICATE_METHOD_MATCH = YES;
				COPY_PHASE_STRIP = NO;
				DEBUG_INFORMATION_FORMAT = dwarf;
				ENABLE_STRICT_OBJC_MSGSEND = YES;
				ENABLE_TESTABILITY = YES;
				ENABLE_USER_SCRIPT_SANDBOXING = YES;
				GCC_C_LANGUAGE_STANDARD = gnu17;
				GCC_DYNAMIC_NO_PIC = NO;
				GCC_NO_COMMON_BLOCKS = YES;
				GCC_OPTIMIZATION_LEVEL = 0;
				GCC_PREPROCESSOR_DEFINITIONS = (
					"DEBUG=1",
					"$(inherited)",
				);
				GCC_WARN_64_TO_32_BIT_CONVERSION = YES;
				GCC_WARN_ABOUT_RETURN_TYPE = YES_ERROR;
				GCC_WARN_UNDECLARED_SELECTOR = YES;
				GCC_WARN_UNINITIALIZED_AUTOS = YES_AGGRESSIVE;
				GCC_WARN_UNUSED_FUNCTION = YES;
				GCC_WARN_UNUSED_VARIABLE = YES;
				LOCALIZATION_PREFERS_STRING_CATALOGS = YES;
				MACOSX_DEPLOYMENT_TARGET = 26.0;
				MTL_ENABLE_DEBUG_INFO = INCLUDE_SOURCE;
				MTL_FAST_MATH = YES;
				ONLY_ACTIVE_ARCH = YES;
				SDKROOT = macosx;
				SWIFT_ACTIVE_COMPILATION_CONDITIONS = "DEBUG $(inherited)";
				SWIFT_OPTIMIZATION_LEVEL = "-Onone";
			};
			name = Debug;
		};
		FD2E63EB2EEDE5C000965937 /* Release */ = {
			isa = XCBuildConfiguration;
			buildSettings = {
				ALWAYS_SEARCH_USER_PATHS = NO;
				ASSETCATALOG_COMPILER_GENERATE_SWIFT_ASSET_SYMBOL_EXTENSIONS = YES;
				CLANG_ANALYZER_NONNULL = YES;
				CLANG_ANALYZER_NUMBER_OBJECT_CONVERSION = YES_AGGRESSIVE;
				CLANG_CXX_LANGUAGE_STANDARD = "gnu++20";
				CLANG_ENABLE_MODULES = YES;
				CLANG_ENABLE_OBJC_ARC = YES;
				CLANG_ENABLE_OBJC_WEAK = YES;
				CLANG_WARN_BLOCK_CAPTURE_AUTORELEASING = YES;
				CLANG_WARN_BOOL_CONVERSION = YES;
				CLANG_WARN_COMMA = YES;
				CLANG_WARN_CONSTANT_CONVERSION = YES;
				CLANG_WARN_DEPRECATED_OBJC_IMPLEMENTATIONS = YES;
				CLANG_WARN_DIRECT_OBJC_ISA_USAGE = YES_ERROR;
				CLANG_WARN_DOCUMENTATION_COMMENTS = YES;
				CLANG_WARN_EMPTY_BODY = YES;
				CLANG_WARN_ENUM_CONVERSION = YES;
				CLANG_WARN_INFINITE_RECURSION = YES;
				CLANG_WARN_INT_CONVERSION = YES;
				CLANG_WARN_NON_LITERAL_NULL_CONVERSION = YES;
				CLANG_WARN_OBJC_IMPLICIT_RETAIN_SELF = YES;
				CLANG_WARN_OBJC_LITERAL_CONVERSION = YES;
				CLANG_WARN_OBJC_ROOT_CLASS = YES_ERROR;
				CLANG_WARN_QUOTED_INCLUDE_IN_FRAMEWORK_HEADER = YES;
				CLANG_WARN_RANGE_LOOP_ANALYSIS = YES;
				CLANG_WARN_STRICT_PROTOTYPES = YES;
				CLANG_WARN_SUSPICIOUS_MOVE = YES;
				CLANG_WARN_UNGUARDED_AVAILABILITY = YES_AGGRESSIVE;
				CLANG_WARN_UNREACHABLE_CODE = YES;
				CLANG_WARN__DUPLICATE_METHOD_MATCH = YES;
				COPY_PHASE_STRIP = NO;
				DEBUG_INFORMATION_FORMAT = "dwarf-with-dsym";
				ENABLE_NS_ASSERTIONS = NO;
				ENABLE_STRICT_OBJC_MSGSEND = YES;
				ENABLE_USER_SCRIPT_SANDBOXING = YES;
				GCC_C_LANGUAGE_STANDARD = gnu17;
				GCC_NO_COMMON_BLOCKS = YES;
				GCC_WARN_64_TO_32_BIT_CONVERSION = YES;
				GCC_WARN_ABOUT_RETURN_TYPE = YES_ERROR;
				GCC_WARN_UNDECLARED_SELECTOR = YES;
				GCC_WARN_UNINITIALIZED_AUTOS = YES_AGGRESSIVE;
				GCC_WARN_UNUSED_FUNCTION = YES;
				GCC_WARN_UNUSED_VARIABLE = YES;
				LOCALIZATION_PREFERS_STRING_CATALOGS = YES;
				MACOSX_DEPLOYMENT_TARGET = 26.0;
				MTL_ENABLE_DEBUG_INFO = NO;
				MTL_FAST_MATH = YES;
				SDKROOT = macosx;
				SWIFT_COMPILATION_MODE = wholemodule;
			};
			name = Release;
		};
		FD2E63ED2EEDE5C000965937 /* Debug */ = {
			isa = XCBuildConfiguration;
			buildSettings = {
				ASSETCATALOG_COMPILER_APPICON_NAME = AppIcon;
				ASSETCATALOG_COMPILER_GLOBAL_ACCENT_COLOR_NAME = AccentColor;
				CODE_SIGN_ENTITLEMENTS = NoorReader/NoorReader.entitlements;
				CODE_SIGN_STYLE = Automatic;
				COMBINE_HIDPI_IMAGES = YES;
				CURRENT_PROJECT_VERSION = 1;
				ENABLE_APP_SANDBOX = YES;
				ENABLE_PREVIEWS = YES;
				ENABLE_USER_SELECTED_FILES = readonly;
				GENERATE_INFOPLIST_FILE = YES;
				INFOPLIST_KEY_NSHumanReadableCopyright = "";
				LD_RUNPATH_SEARCH_PATHS = (
					"$(inherited)",
					"@executable_path/../Frameworks",
				);
				MARKETING_VERSION = 1.0;
				PRODUCT_BUNDLE_IDENTIFIER = com.inheritingislam.NoorReader;
				PRODUCT_NAME = "$(TARGET_NAME)";
				REGISTER_APP_GROUPS = YES;
				STRING_CATALOG_GENERATE_SYMBOLS = YES;
				SWIFT_APPROACHABLE_CONCURRENCY = YES;
				SWIFT_DEFAULT_ACTOR_ISOLATION = MainActor;
				SWIFT_EMIT_LOC_STRINGS = YES;
				SWIFT_UPCOMING_FEATURE_MEMBER_IMPORT_VISIBILITY = YES;
				SWIFT_VERSION = 5.0;
			};
			name = Debug;
		};
		FD2E63EE2EEDE5C000965937 /* Release */ = {
			isa = XCBuildConfiguration;
			buildSettings = {
				ASSETCATALOG_COMPILER_APPICON_NAME = AppIcon;
				ASSETCATALOG_COMPILER_GLOBAL_ACCENT_COLOR_NAME = AccentColor;
				CODE_SIGN_ENTITLEMENTS = NoorReader/NoorReader.entitlements;
				CODE_SIGN_STYLE = Automatic;
				COMBINE_HIDPI_IMAGES = YES;
				CURRENT_PROJECT_VERSION = 1;
				ENABLE_APP_SANDBOX = YES;
				ENABLE_PREVIEWS = YES;
				ENABLE_USER_SELECTED_FILES = readonly;
				GENERATE_INFOPLIST_FILE = YES;
				INFOPLIST_KEY_NSHumanReadableCopyright = "";
				LD_RUNPATH_SEARCH_PATHS = (
					"$(inherited)",
					"@executable_path/../Frameworks",
				);
				MARKETING_VERSION = 1.0;
				PRODUCT_BUNDLE_IDENTIFIER = com.inheritingislam.NoorReader;
				PRODUCT_NAME = "$(TARGET_NAME)";
				REGISTER_APP_GROUPS = YES;
				STRING_CATALOG_GENERATE_SYMBOLS = YES;
				SWIFT_APPROACHABLE_CONCURRENCY = YES;
				SWIFT_DEFAULT_ACTOR_ISOLATION = MainActor;
				SWIFT_EMIT_LOC_STRINGS = YES;
				SWIFT_UPCOMING_FEATURE_MEMBER_IMPORT_VISIBILITY = YES;
				SWIFT_VERSION = 5.0;
			};
			name = Release;
		};
		FD2E63F02EEDE5C000965937 /* Debug */ = {
			isa = XCBuildConfiguration;
			buildSettings = {
				BUNDLE_LOADER = "$(TEST_HOST)";
				CODE_SIGN_STYLE = Automatic;
				CURRENT_PROJECT_VERSION = 1;
				GENERATE_INFOPLIST_FILE = YES;
				MACOSX_DEPLOYMENT_TARGET = 26.0;
				MARKETING_VERSION = 1.0;
				PRODUCT_BUNDLE_IDENTIFIER = com.inheritingislam.NoorReaderTests;
				PRODUCT_NAME = "$(TARGET_NAME)";
				STRING_CATALOG_GENERATE_SYMBOLS = NO;
				SWIFT_APPROACHABLE_CONCURRENCY = YES;
				SWIFT_EMIT_LOC_STRINGS = NO;
				SWIFT_UPCOMING_FEATURE_MEMBER_IMPORT_VISIBILITY = YES;
				SWIFT_VERSION = 5.0;
				TEST_HOST = "$(BUILT_PRODUCTS_DIR)/NoorReader.app/$(BUNDLE_EXECUTABLE_FOLDER_PATH)/NoorReader";
			};
			name = Debug;
		};
		FD2E63F12EEDE5C000965937 /* Release */ = {
			isa = XCBuildConfiguration;
			buildSettings = {
				BUNDLE_LOADER = "$(TEST_HOST)";
				CODE_SIGN_STYLE = Automatic;
				CURRENT_PROJECT_VERSION = 1;
				GENERATE_INFOPLIST_FILE = YES;
				MACOSX_DEPLOYMENT_TARGET = 26.0;
				MARKETING_VERSION = 1.0;
				PRODUCT_BUNDLE_IDENTIFIER = com.inheritingislam.NoorReaderTests;
				PRODUCT_NAME = "$(TARGET_NAME)";
				STRING_CATALOG_GENERATE_SYMBOLS = NO;
				SWIFT_APPROACHABLE_CONCURRENCY = YES;
				SWIFT_EMIT_LOC_STRINGS = NO;
				SWIFT_UPCOMING_FEATURE_MEMBER_IMPORT_VISIBILITY = YES;
				SWIFT_VERSION = 5.0;
				TEST_HOST = "$(BUILT_PRODUCTS_DIR)/NoorReader.app/$(BUNDLE_EXECUTABLE_FOLDER_PATH)/NoorReader";
			};
			name = Release;
		};
		FD2E63F32EEDE5C000965937 /* Debug */ = {
			isa = XCBuildConfiguration;
			buildSettings = {
				CODE_SIGN_STYLE = Automatic;
				CURRENT_PROJECT_VERSION = 1;
				GENERATE_INFOPLIST_FILE = YES;
				MARKETING_VERSION = 1.0;
				PRODUCT_BUNDLE_IDENTIFIER = com.inheritingislam.NoorReaderUITests;
				PRODUCT_NAME = "$(TARGET_NAME)";
				STRING_CATALOG_GENERATE_SYMBOLS = NO;
				SWIFT_APPROACHABLE_CONCURRENCY = YES;
				SWIFT_EMIT_LOC_STRINGS = NO;
				SWIFT_UPCOMING_FEATURE_MEMBER_IMPORT_VISIBILITY = YES;
				SWIFT_VERSION = 5.0;
				TEST_TARGET_NAME = NoorReader;
			};
			name = Debug;
		};
		FD2E63F42EEDE5C000965937 /* Release */ = {
			isa = XCBuildConfiguration;
			buildSettings = {
				CODE_SIGN_STYLE = Automatic;
				CURRENT_PROJECT_VERSION = 1;
				GENERATE_INFOPLIST_FILE = YES;
				MARKETING_VERSION = 1.0;
				PRODUCT_BUNDLE_IDENTIFIER = com.inheritingislam.NoorReaderUITests;
				PRODUCT_NAME = "$(TARGET_NAME)";
				STRING_CATALOG_GENERATE_SYMBOLS = NO;
				SWIFT_APPROACHABLE_CONCURRENCY = YES;
				SWIFT_EMIT_LOC_STRINGS = NO;
				SWIFT_UPCOMING_FEATURE_MEMBER_IMPORT_VISIBILITY = YES;
				SWIFT_VERSION = 5.0;
				TEST_TARGET_NAME = NoorReader;
			};
			name = Release;
		};
/* End XCBuildConfiguration section */

/* Begin XCConfigurationList section */
		FD2E63C42EEDE5BE00965937 /* Build configuration list for PBXProject "NoorReader" */ = {
			isa = XCConfigurationList;
			buildConfigurations = (
				FD2E63EA2EEDE5C000965937 /* Debug */,
				FD2E63EB2EEDE5C000965937 /* Release */,
			);
			defaultConfigurationIsVisible = 0;
			defaultConfigurationName = Release;
		};
		FD2E63EC2EEDE5C000965937 /* Build configuration list for PBXNativeTarget "NoorReader" */ = {
			isa = XCConfigurationList;
			buildConfigurations = (
				FD2E63ED2EEDE5C000965937 /* Debug */,
				FD2E63EE2EEDE5C000965937 /* Release */,
			);
			defaultConfigurationIsVisible = 0;
			defaultConfigurationName = Release;
		};
		FD2E63EF2EEDE5C000965937 /* Build configuration list for PBXNativeTarget "NoorReaderTests" */ = {
			isa = XCConfigurationList;
			buildConfigurations = (
				FD2E63F02EEDE5C000965937 /* Debug */,
				FD2E63F12EEDE5C000965937 /* Release */,
			);
			defaultConfigurationIsVisible = 0;
			defaultConfigurationName = Release;
		};
		FD2E63F22EEDE5C000965937 /* Build configuration list for PBXNativeTarget "NoorReaderUITests" */ = {
			isa = XCConfigurationList;
			buildConfigurations = (
				FD2E63F32EEDE5C000965937 /* Debug */,
				FD2E63F42EEDE5C000965937 /* Release */,
			);
			defaultConfigurationIsVisible = 0;
			defaultConfigurationName = Release;
		};
/* End XCConfigurationList section */
	};
	rootObject = FD2E63C12EEDE5BD00965937 /* Project object */;
}
